
Microsoft Visual Studio Solution File, Format Version 12.00
# Visual Studio Version 17
VisualStudioVersion = 17.9.34728.123
MinimumVisualStudioVersion = 10.0.40219.1
Project("{FAE04EC0-301F-11D3-BF4B-00C04F79EFBC}") = "Burbuja", "Burbuja\Burbuja.csproj", "{A982C3B9-F2E1-4B6E-9232-E52C07A9129D}"
EndProject
Global
	GlobalSection(SolutionConfigurationPlatforms) = preSolution
		Debug|Any CPU = Debug|Any CPU
		Release|Any CPU = Release|Any CPU
	EndGlobalSection
	GlobalSection(ProjectConfigurationPlatforms) = postSolution
		{A982C3B9-F2E1-4B6E-9232-E52C07A9129D}.Debug|Any CPU.ActiveCfg = Debug|Any CPU
		{A982C3B9-F2E1-4B6E-9232-E52C07A9129D}.Debug|Any CPU.Build.0 = Debug|Any CPU
		{A982C3B9-F2E1-4B6E-9232-E52C07A9129D}.Release|Any CPU.ActiveCfg = Release|Any CPU
		{A982C3B9-F2E1-4B6E-9232-E52C07A9129D}.Release|Any CPU.Build.0 = Release|Any CPU
	EndGlobalSection
	GlobalSection(SolutionProperties) = preSolution
		HideSolutionNode = FALSE
	EndGlobalSection
	GlobalSection(ExtensibilityGlobals) = postSolution
		SolutionGuid = {3B1C507A-A092-4B53-8E41-4D55B168C0D1}
	EndGlobalSection
EndGlobal
